
Microsoft Visual Studio Solution File, Format Version 12.00
# Visual Studio 15
VisualStudioVersion = 15.0.28010.2003
MinimumVisualStudioVersion = 10.0.40219.1
Project("{FAE04EC0-301F-11D3-BF4B-00C04F79EFBC}") = "OOP1", "OOP1\OOP1.csproj", "{BC5ED560-7B63-45C6-A503-BDB0A7FE3827}"
EndProject
Global
	GlobalSection(SolutionConfigurationPlatforms) = preSolution
		Debug|Any CPU = Debug|Any CPU
		Release|Any CPU = Release|Any CPU
	EndGlobalSection
	GlobalSection(ProjectConfigurationPlatforms) = postSolution
		{BC5ED560-7B63-45C6-A503-BDB0A7FE3827}.Debug|Any CPU.ActiveCfg = Debug|Any CPU
		{BC5ED560-7B63-45C6-A503-BDB0A7FE3827}.Debug|Any CPU.Build.0 = Debug|Any CPU
		{BC5ED560-7B63-45C6-A503-BDB0A7FE3827}.Release|Any CPU.ActiveCfg = Release|Any CPU
		{BC5ED560-7B63-45C6-A503-BDB0A7FE3827}.Release|Any CPU.Build.0 = Release|Any CPU
	EndGlobalSection
	GlobalSection(SolutionProperties) = preSolution
		HideSolutionNode = FALSE
	EndGlobalSection
	GlobalSection(ExtensibilityGlobals) = postSolution
		SolutionGuid = {2C7F20B6-495F-4001-B39D-D1B45D94AB8E}
	EndGlobalSection
EndGlobal
